
Microsoft Visual Studio Solution File, Format Version 12.00
# Visual Studio Version 17
VisualStudioVersion = 17.0.31903.59
MinimumVisualStudioVersion = 10.0.40219.1
Project("{2150E333-8FDC-42A3-9474-1A3956D46DE8}") = "src", "src", "{CC4994E4-D9A5-4EAA-8F33-4857FE2A7AC4}"
EndProject
Project("{FAE04EC0-301F-11D3-BF4B-00C04F79EFBC}") = "AElf.KeyStoreGenerator", "src\AElf.KeyStoreGenerator\AElf.KeyStoreGenerator.csproj", "{A7E2230E-740C-49A3-8E52-A422F0895877}"
EndProject
Project("{2150E333-8FDC-42A3-9474-1A3956D46DE8}") = "test", "test", "{FC3DC281-907C-4C23-8887-4DB239F5E353}"
EndProject
Project("{FAE04EC0-301F-11D3-BF4B-00C04F79EFBC}") = "AElf.KeyStoreGenerator.Tests", "test\AElf.KeyStoreGenerator.Tests\AElf.KeyStoreGenerator.Tests.csproj", "{7B9575CF-8FC9-4CBA-8802-7048DEE429C7}"
EndProject
Global
	GlobalSection(SolutionConfigurationPlatforms) = preSolution
		Debug|Any CPU = Debug|Any CPU
		Release|Any CPU = Release|Any CPU
	EndGlobalSection
	GlobalSection(SolutionProperties) = preSolution
		HideSolutionNode = FALSE
	EndGlobalSection
	GlobalSection(ProjectConfigurationPlatforms) = postSolution
		{A7E2230E-740C-49A3-8E52-A422F0895877}.Debug|Any CPU.ActiveCfg = Debug|Any CPU
		{A7E2230E-740C-49A3-8E52-A422F0895877}.Debug|Any CPU.Build.0 = Debug|Any CPU
		{A7E2230E-740C-49A3-8E52-A422F0895877}.Release|Any CPU.ActiveCfg = Release|Any CPU
		{A7E2230E-740C-49A3-8E52-A422F0895877}.Release|Any CPU.Build.0 = Release|Any CPU
		{7B9575CF-8FC9-4CBA-8802-7048DEE429C7}.Debug|Any CPU.ActiveCfg = Debug|Any CPU
		{7B9575CF-8FC9-4CBA-8802-7048DEE429C7}.Debug|Any CPU.Build.0 = Debug|Any CPU
		{7B9575CF-8FC9-4CBA-8802-7048DEE429C7}.Release|Any CPU.ActiveCfg = Release|Any CPU
		{7B9575CF-8FC9-4CBA-8802-7048DEE429C7}.Release|Any CPU.Build.0 = Release|Any CPU
	EndGlobalSection
	GlobalSection(NestedProjects) = preSolution
		{A7E2230E-740C-49A3-8E52-A422F0895877} = {CC4994E4-D9A5-4EAA-8F33-4857FE2A7AC4}
		{7B9575CF-8FC9-4CBA-8802-7048DEE429C7} = {FC3DC281-907C-4C23-8887-4DB239F5E353}
	EndGlobalSection
EndGlobal
