
Microsoft Visual Studio Solution File, Format Version 12.00
# Visual Studio Version 17
VisualStudioVersion = 17.0.31903.59
MinimumVisualStudioVersion = 10.0.40219.1
Project("{2150E333-8FDC-42A3-9474-1A3956D46DE8}") = "src", "src", "{C0FF1074-F12A-4A90-B4D2-9D97089E4F51}"
EndProject
Project("{FAE04EC0-301F-11D3-BF4B-00C04F79EFBC}") = "AElf.KeyStoreConvertor", "src\AElf.KeyStoreConvertor\AElf.KeyStoreConvertor.csproj", "{4E23A172-AFEB-4CA0-9E6A-63F762FB2593}"
EndProject
Project("{2150E333-8FDC-42A3-9474-1A3956D46DE8}") = "test", "test", "{FF2AC2E3-AD8B-4BEE-963D-0A39C9887478}"
EndProject
Project("{FAE04EC0-301F-11D3-BF4B-00C04F79EFBC}") = "AElf.KeyStoreConvertor.Tests", "test\AElf.KeyStoreConvertor.Tests\AElf.KeyStoreConvertor.Tests.csproj", "{342DD21A-AB48-4EC4-A0DF-07BFEB290759}"
EndProject
Global
	GlobalSection(SolutionConfigurationPlatforms) = preSolution
		Debug|Any CPU = Debug|Any CPU
		Release|Any CPU = Release|Any CPU
	EndGlobalSection
	GlobalSection(SolutionProperties) = preSolution
		HideSolutionNode = FALSE
	EndGlobalSection
	GlobalSection(ProjectConfigurationPlatforms) = postSolution
		{4E23A172-AFEB-4CA0-9E6A-63F762FB2593}.Debug|Any CPU.ActiveCfg = Debug|Any CPU
		{4E23A172-AFEB-4CA0-9E6A-63F762FB2593}.Debug|Any CPU.Build.0 = Debug|Any CPU
		{4E23A172-AFEB-4CA0-9E6A-63F762FB2593}.Release|Any CPU.ActiveCfg = Release|Any CPU
		{4E23A172-AFEB-4CA0-9E6A-63F762FB2593}.Release|Any CPU.Build.0 = Release|Any CPU
		{342DD21A-AB48-4EC4-A0DF-07BFEB290759}.Debug|Any CPU.ActiveCfg = Debug|Any CPU
		{342DD21A-AB48-4EC4-A0DF-07BFEB290759}.Debug|Any CPU.Build.0 = Debug|Any CPU
		{342DD21A-AB48-4EC4-A0DF-07BFEB290759}.Release|Any CPU.ActiveCfg = Release|Any CPU
		{342DD21A-AB48-4EC4-A0DF-07BFEB290759}.Release|Any CPU.Build.0 = Release|Any CPU
	EndGlobalSection
	GlobalSection(NestedProjects) = preSolution
		{4E23A172-AFEB-4CA0-9E6A-63F762FB2593} = {C0FF1074-F12A-4A90-B4D2-9D97089E4F51}
		{342DD21A-AB48-4EC4-A0DF-07BFEB290759} = {FF2AC2E3-AD8B-4BEE-963D-0A39C9887478}
	EndGlobalSection
EndGlobal
